
Microsoft Visual Studio Solution File, Format Version 12.00
# Visual Studio Version 17
VisualStudioVersion = 17.6.33829.357
MinimumVisualStudioVersion = 10.0.40219.1
Project("{FAE04EC0-301F-11D3-BF4B-00C04F79EFBC}") = "Calcular el interes compuesto", "Calcular el interes compuesto\Calcular el interes compuesto.csproj", "{3E1103D8-12A1-4B4B-9982-313863707A85}"
EndProject
Global
	GlobalSection(SolutionConfigurationPlatforms) = preSolution
		Debug|Any CPU = Debug|Any CPU
		Release|Any CPU = Release|Any CPU
	EndGlobalSection
	GlobalSection(ProjectConfigurationPlatforms) = postSolution
		{3E1103D8-12A1-4B4B-9982-313863707A85}.Debug|Any CPU.ActiveCfg = Debug|Any CPU
		{3E1103D8-12A1-4B4B-9982-313863707A85}.Debug|Any CPU.Build.0 = Debug|Any CPU
		{3E1103D8-12A1-4B4B-9982-313863707A85}.Release|Any CPU.ActiveCfg = Release|Any CPU
		{3E1103D8-12A1-4B4B-9982-313863707A85}.Release|Any CPU.Build.0 = Release|Any CPU
	EndGlobalSection
	GlobalSection(SolutionProperties) = preSolution
		HideSolutionNode = FALSE
	EndGlobalSection
	GlobalSection(ExtensibilityGlobals) = postSolution
		SolutionGuid = {153AB56C-1F48-4847-8542-F6003A5DD3E3}
	EndGlobalSection
EndGlobal
